
Microsoft Visual Studio Solution File, Format Version 12.00
# Visual Studio 15
VisualStudioVersion = 15.0.27130.2027
MinimumVisualStudioVersion = 10.0.40219.1
Project("{FAE04EC0-301F-11D3-BF4B-00C04F79EFBC}") = "VPSemProject", "VPSemProject\VPSemProject.csproj", "{91C2A1D5-DDF1-4F3B-A1FB-33515E7C284A}"
EndProject
Global
	GlobalSection(SolutionConfigurationPlatforms) = preSolution
		Debug|Any CPU = Debug|Any CPU
		Release|Any CPU = Release|Any CPU
	EndGlobalSection
	GlobalSection(ProjectConfigurationPlatforms) = postSolution
		{91C2A1D5-DDF1-4F3B-A1FB-33515E7C284A}.Debug|Any CPU.ActiveCfg = Debug|Any CPU
		{91C2A1D5-DDF1-4F3B-A1FB-33515E7C284A}.Debug|Any CPU.Build.0 = Debug|Any CPU
		{91C2A1D5-DDF1-4F3B-A1FB-33515E7C284A}.Release|Any CPU.ActiveCfg = Release|Any CPU
		{91C2A1D5-DDF1-4F3B-A1FB-33515E7C284A}.Release|Any CPU.Build.0 = Release|Any CPU
	EndGlobalSection
	GlobalSection(SolutionProperties) = preSolution
		HideSolutionNode = FALSE
	EndGlobalSection
	GlobalSection(ExtensibilityGlobals) = postSolution
		SolutionGuid = {B64720DE-9942-4A2F-94F9-A442884BC05A}
	EndGlobalSection
EndGlobal
